{
    "_readme": [
        "This file locks the dependencies of your project to a known state",
        "Read more about it at https://getcomposer.org/doc/01-basic-usage.md#installing-dependencies",
        "This file is @generated automatically"
    ],
    "content-hash": "0cd1f9689e20a76dadbd82ba034d2295",
    "packages": [
        {
            "name": "yaserzare/pocket-core",
            "version": "dev-main",
            "dist": {
                "type": "path",
                "url": "pocket",
                "reference": "3d2b647d8c540cdec9d38ed767c4994b8f200bb4"
            },
            "type": "library",
            "autoload": {
                "psr-4": {
                    "Yaserzare\\PocketCore\\": "src/"
                }
            },
            "authors": [
                {
                    "name": "yaserzare",
                    "email": "info@yaserzare.ir"
                }
            ],
            "description": "This is my framework core",
            "transport-options": {
                "relative": true
            }
        }
    ],
    "packages-dev": [],
    "aliases": [],
    "minimum-stability": "stable",
    "stability-flags": {
        "yaserzare/pocket-core": 20
    },
    "prefer-stable": false,
    "prefer-lowest": false,
    "platform": [],
    "platform-dev": [],
    "plugin-api-version": "2.6.0"
}
